// !$*UTF8*$!
{
	archiveVersion = 1;
	classes = {
	};
	objectVersion = 46;
	objects = {

/* Begin PBXBuildFile section */
		60027F881F17685D00D82418 /* LapTime.swift in Sources */ = {isa = PBXBuildFile; fileRef = 60027F871F17685D00D82418 /* LapTime.swift */; };
		6006318A1F660B9F00BB1087 /* PhoneScreen.swift in Sources */ = {isa = PBXBuildFile; fileRef = 600631891F660B9F00BB1087 /* PhoneScreen.swift */; };
		600AE0531F4CFF8E00595E66 /* WatchTimerTimeDisplay.swift in Sources */ = {isa = PBXBuildFile; fileRef = 600AE0521F4CFF8E00595E66 /* WatchTimerTimeDisplay.swift */; };
		600AE0551F4D012800595E66 /* TimerTime.swift in Sources */ = {isa = PBXBuildFile; fileRef = 600AE0541F4D012800595E66 /* TimerTime.swift */; };
		601735591F17369300713DF1 /* AppDelegate.swift in Sources */ = {isa = PBXBuildFile; fileRef = 601735581F17369300713DF1 /* AppDelegate.swift */; };
		6017355B1F17369300713DF1 /* ViewController.swift in Sources */ = {isa = PBXBuildFile; fileRef = 6017355A1F17369300713DF1 /* ViewController.swift */; };
		6017355E1F17369300713DF1 /* Main.storyboard in Resources */ = {isa = PBXBuildFile; fileRef = 6017355C1F17369300713DF1 /* Main.storyboard */; };
		601735611F17369300713DF1 /* YachtTimer.xcdatamodeld in Sources */ = {isa = PBXBuildFile; fileRef = 6017355F1F17369300713DF1 /* YachtTimer.xcdatamodeld */; };
		601735631F17369300713DF1 /* Assets.xcassets in Resources */ = {isa = PBXBuildFile; fileRef = 601735621F17369300713DF1 /* Assets.xcassets */; };
		601735661F17369300713DF1 /* LaunchScreen.storyboard in Resources */ = {isa = PBXBuildFile; fileRef = 601735641F17369300713DF1 /* LaunchScreen.storyboard */; };
		6017356F1F17535300713DF1 /* StopwatchViewController.swift in Sources */ = {isa = PBXBuildFile; fileRef = 6017356E1F17535300713DF1 /* StopwatchViewController.swift */; };
		601D0EF21F540F4F00F418BF /* StopwatchManager.swift in Sources */ = {isa = PBXBuildFile; fileRef = 601D0EF11F540F4F00F418BF /* StopwatchManager.swift */; };
		601D0EF31F540F4F00F418BF /* StopwatchManager.swift in Sources */ = {isa = PBXBuildFile; fileRef = 601D0EF11F540F4F00F418BF /* StopwatchManager.swift */; };
		6025018A1F32DF6D009F664A /* Interface.storyboard in Resources */ = {isa = PBXBuildFile; fileRef = 602501881F32DF6D009F664A /* Interface.storyboard */; };
		6025018C1F32DF6D009F664A /* Assets.xcassets in Resources */ = {isa = PBXBuildFile; fileRef = 6025018B1F32DF6D009F664A /* Assets.xcassets */; };
		602501931F32DF6D009F664A /* YachtTimer - Watch Extension.appex in Embed App Extensions */ = {isa = PBXBuildFile; fileRef = 602501921F32DF6D009F664A /* YachtTimer - Watch Extension.appex */; settings = {ATTRIBUTES = (RemoveHeadersOnCopy, ); }; };
		602501981F32DF6D009F664A /* TimerInterfaceController.swift in Sources */ = {isa = PBXBuildFile; fileRef = 602501971F32DF6D009F664A /* TimerInterfaceController.swift */; };
		6025019A1F32DF6D009F664A /* ExtensionDelegate.swift in Sources */ = {isa = PBXBuildFile; fileRef = 602501991F32DF6D009F664A /* ExtensionDelegate.swift */; };
		6025019C1F32DF6D009F664A /* Assets.xcassets in Resources */ = {isa = PBXBuildFile; fileRef = 6025019B1F32DF6D009F664A /* Assets.xcassets */; };
		602501A01F32DF6E009F664A /* YachtTimer - Watch.app in Embed Watch Content */ = {isa = PBXBuildFile; fileRef = 602501861F32DF6D009F664A /* YachtTimer - Watch.app */; };
		602501AA1F32DFB3009F664A /* TextToSpeech.swift in Sources */ = {isa = PBXBuildFile; fileRef = 603217F71F282A6100E4E846 /* TextToSpeech.swift */; };
		602501AB1F32DFB7009F664A /* LapTime.swift in Sources */ = {isa = PBXBuildFile; fileRef = 60027F871F17685D00D82418 /* LapTime.swift */; };
		602501AD1F32DFC7009F664A /* WatchConnectivity.framework in Frameworks */ = {isa = PBXBuildFile; fileRef = 602501AC1F32DFC7009F664A /* WatchConnectivity.framework */; };
		602501AF1F32FC17009F664A /* StopwatchInterfaceController.swift in Sources */ = {isa = PBXBuildFile; fileRef = 602501AE1F32FC17009F664A /* StopwatchInterfaceController.swift */; };
		602501B11F340256009F664A /* Context.swift in Sources */ = {isa = PBXBuildFile; fileRef = 602501B01F340256009F664A /* Context.swift */; };
		603217F61F282A3800E4E846 /* AVFoundation.framework in Frameworks */ = {isa = PBXBuildFile; fileRef = 603217F51F282A3800E4E846 /* AVFoundation.framework */; settings = {ATTRIBUTES = (Required, ); }; };
		603217F81F282A6100E4E846 /* TextToSpeech.swift in Sources */ = {isa = PBXBuildFile; fileRef = 603217F71F282A6100E4E846 /* TextToSpeech.swift */; };
		603217FA1F2864DF00E4E846 /* StopWatchTableViewCell.swift in Sources */ = {isa = PBXBuildFile; fileRef = 603217F91F2864DF00E4E846 /* StopWatchTableViewCell.swift */; };
		6033802E1F54002300693B40 /* TimerManager.swift in Sources */ = {isa = PBXBuildFile; fileRef = 6033802D1F54002200693B40 /* TimerManager.swift */; };
		6033802F1F54002300693B40 /* TimerManager.swift in Sources */ = {isa = PBXBuildFile; fileRef = 6033802D1F54002200693B40 /* TimerManager.swift */; };
		607498651F59496300414F81 /* LabelCollection.swift in Sources */ = {isa = PBXBuildFile; fileRef = 607498641F59496300414F81 /* LabelCollection.swift */; };
		607498661F59498500414F81 /* LabelCollection.swift in Sources */ = {isa = PBXBuildFile; fileRef = 607498641F59496300414F81 /* LabelCollection.swift */; };
		607498861F59684E00414F81 /* HealthKit.framework in Frameworks */ = {isa = PBXBuildFile; fileRef = 607498851F59684E00414F81 /* HealthKit.framework */; };
		607498891F59685D00414F81 /* HealthKit.framework in Frameworks */ = {isa = PBXBuildFile; fileRef = 607498881F59685D00414F81 /* HealthKit.framework */; };
		6074988D1F5CE6BD00414F81 /* InterfaceColor.swift in Sources */ = {isa = PBXBuildFile; fileRef = 6074988C1F5CE6BD00414F81 /* InterfaceColor.swift */; };
		6074988E1F5CE6BE00414F81 /* InterfaceColor.swift in Sources */ = {isa = PBXBuildFile; fileRef = 6074988C1F5CE6BD00414F81 /* InterfaceColor.swift */; };
		6097A9381F725C1E00B0908C /* Extensions.swift in Sources */ = {isa = PBXBuildFile; fileRef = 6097A9371F725C1E00B0908C /* Extensions.swift */; };
		609E7A731F42F514004B0139 /* LapTableRow.swift in Sources */ = {isa = PBXBuildFile; fileRef = 609E7A721F42F514004B0139 /* LapTableRow.swift */; };
		609E7A751F42F60F004B0139 /* StopwatchTime.swift in Sources */ = {isa = PBXBuildFile; fileRef = 609E7A741F42F60F004B0139 /* StopwatchTime.swift */; };
		609E7A771F4303C6004B0139 /* WatchStopwatchTimeDisplay.swift in Sources */ = {isa = PBXBuildFile; fileRef = 609E7A761F4303C6004B0139 /* WatchStopwatchTimeDisplay.swift */; };
		609E7A791F430B2F004B0139 /* WatchLabelCollection.swift in Sources */ = {isa = PBXBuildFile; fileRef = 609E7A781F430B2F004B0139 /* WatchLabelCollection.swift */; };
		609E7A7A1F490F21004B0139 /* StopwatchTime.swift in Sources */ = {isa = PBXBuildFile; fileRef = 609E7A741F42F60F004B0139 /* StopwatchTime.swift */; };
		609E7A831F4A4C83004B0139 /* PhoneLabelCollection.swift in Sources */ = {isa = PBXBuildFile; fileRef = 609E7A821F4A4C83004B0139 /* PhoneLabelCollection.swift */; };
		609E7A851F4A4F68004B0139 /* StopwatchTimeDisplay.swift in Sources */ = {isa = PBXBuildFile; fileRef = 609E7A841F4A4F68004B0139 /* StopwatchTimeDisplay.swift */; };
		60C85CD61F4C229B00DB7A33 /* WKInterfaceImageExtension.swift in Sources */ = {isa = PBXBuildFile; fileRef = 60C85CD51F4C229A00DB7A33 /* WKInterfaceImageExtension.swift */; };
		60F161B61F5FAE13004DD5BB /* TimerTime.swift in Sources */ = {isa = PBXBuildFile; fileRef = 600AE0541F4D012800595E66 /* TimerTime.swift */; };
/* End PBXBuildFile section */

/* Begin PBXContainerItemProxy section */
		602501941F32DF6D009F664A /* PBXContainerItemProxy */ = {
			isa = PBXContainerItemProxy;
			containerPortal = 6017354D1F17369300713DF1 /* Project object */;
			proxyType = 1;
			remoteGlobalIDString = 602501911F32DF6D009F664A;
			remoteInfo = "YachtTimer - Watch Extension";
		};
		6025019E1F32DF6E009F664A /* PBXContainerItemProxy */ = {
			isa = PBXContainerItemProxy;
			containerPortal = 6017354D1F17369300713DF1 /* Project object */;
			proxyType = 1;
			remoteGlobalIDString = 602501851F32DF6D009F664A;
			remoteInfo = "YachtTimer - Watch";
		};
/* End PBXContainerItemProxy section */

/* Begin PBXCopyFilesBuildPhase section */
		602501A61F32DF6E009F664A /* Embed App Extensions */ = {
			isa = PBXCopyFilesBuildPhase;
			buildActionMask = 2147483647;
			dstPath = "";
			dstSubfolderSpec = 13;
			files = (
				602501931F32DF6D009F664A /* YachtTimer - Watch Extension.appex in Embed App Extensions */,
			);
			name = "Embed App Extensions";
			runOnlyForDeploymentPostprocessing = 0;
		};
		602501A81F32DF6E009F664A /* Embed Watch Content */ = {
			isa = PBXCopyFilesBuildPhase;
			buildActionMask = 2147483647;
			dstPath = "$(CONTENTS_FOLDER_PATH)/Watch";
			dstSubfolderSpec = 16;
			files = (
				602501A01F32DF6E009F664A /* YachtTimer - Watch.app in Embed Watch Content */,
			);
			name = "Embed Watch Content";
			runOnlyForDeploymentPostprocessing = 0;
		};
/* End PBXCopyFilesBuildPhase section */

/* Begin PBXFileReference section */
		60027F871F17685D00D82418 /* LapTime.swift */ = {isa = PBXFileReference; fileEncoding = 4; lastKnownFileType = sourcecode.swift; name = LapTime.swift; path = YachtTimer/LapTime.swift; sourceTree = "<group>"; };
		60027F891F184BA800D82418 /* testing.playground */ = {isa = PBXFileReference; lastKnownFileType = file.playground; path = testing.playground; sourceTree = "<group>"; xcLanguageSpecificationIdentifier = xcode.lang.swift; };
		600631871F62773700BB1087 /* HelpOverlayProtocol.swift */ = {isa = PBXFileReference; fileEncoding = 4; lastKnownFileType = sourcecode.swift; path = HelpOverlayProtocol.swift; sourceTree = "<group>"; };
		600631891F660B9F00BB1087 /* PhoneScreen.swift */ = {isa = PBXFileReference; fileEncoding = 4; lastKnownFileType = sourcecode.swift; path = PhoneScreen.swift; sourceTree = "<group>"; };
		600AE0521F4CFF8E00595E66 /* WatchTimerTimeDisplay.swift */ = {isa = PBXFileReference; fileEncoding = 4; lastKnownFileType = sourcecode.swift; path = WatchTimerTimeDisplay.swift; sourceTree = "<group>"; };
		600AE0541F4D012800595E66 /* TimerTime.swift */ = {isa = PBXFileReference; fileEncoding = 4; lastKnownFileType = sourcecode.swift; path = TimerTime.swift; sourceTree = "<group>"; };
		601735551F17369300713DF1 /* YachtTimer.app */ = {isa = PBXFileReference; explicitFileType = wrapper.application; includeInIndex = 0; path = YachtTimer.app; sourceTree = BUILT_PRODUCTS_DIR; };
		601735581F17369300713DF1 /* AppDelegate.swift */ = {isa = PBXFileReference; lastKnownFileType = sourcecode.swift; path = AppDelegate.swift; sourceTree = "<group>"; };
		6017355A1F17369300713DF1 /* ViewController.swift */ = {isa = PBXFileReference; lastKnownFileType = sourcecode.swift; path = ViewController.swift; sourceTree = "<group>"; };
		6017355D1F17369300713DF1 /* Base */ = {isa = PBXFileReference; lastKnownFileType = file.storyboard; name = Base; path = Base.lproj/Main.storyboard; sourceTree = "<group>"; };
		601735601F17369300713DF1 /* YachtTimer.xcdatamodel */ = {isa = PBXFileReference; lastKnownFileType = wrapper.xcdatamodel; path = YachtTimer.xcdatamodel; sourceTree = "<group>"; };
		601735621F17369300713DF1 /* Assets.xcassets */ = {isa = PBXFileReference; lastKnownFileType = folder.assetcatalog; path = Assets.xcassets; sourceTree = "<group>"; };
		601735651F17369300713DF1 /* Base */ = {isa = PBXFileReference; lastKnownFileType = file.storyboard; name = Base; path = Base.lproj/LaunchScreen.storyboard; sourceTree = "<group>"; };
		601735671F17369300713DF1 /* Info.plist */ = {isa = PBXFileReference; lastKnownFileType = text.plist.xml; path = Info.plist; sourceTree = "<group>"; };
		6017356D1F17370F00713DF1 /* YachtTimer.entitlements */ = {isa = PBXFileReference; lastKnownFileType = text.plist.entitlements; path = YachtTimer.entitlements; sourceTree = "<group>"; };
		6017356E1F17535300713DF1 /* StopwatchViewController.swift */ = {isa = PBXFileReference; fileEncoding = 4; lastKnownFileType = sourcecode.swift; path = StopwatchViewController.swift; sourceTree = "<group>"; };
		601D0EF11F540F4F00F418BF /* StopwatchManager.swift */ = {isa = PBXFileReference; fileEncoding = 4; lastKnownFileType = sourcecode.swift; path = StopwatchManager.swift; sourceTree = "<group>"; };
		602501861F32DF6D009F664A /* YachtTimer - Watch.app */ = {isa = PBXFileReference; explicitFileType = wrapper.application; includeInIndex = 0; path = "YachtTimer - Watch.app"; sourceTree = BUILT_PRODUCTS_DIR; };
		602501891F32DF6D009F664A /* Base */ = {isa = PBXFileReference; lastKnownFileType = file.storyboard; name = Base; path = Base.lproj/Interface.storyboard; sourceTree = "<group>"; };
		6025018B1F32DF6D009F664A /* Assets.xcassets */ = {isa = PBXFileReference; lastKnownFileType = folder.assetcatalog; path = Assets.xcassets; sourceTree = "<group>"; };
		6025018D1F32DF6D009F664A /* Info.plist */ = {isa = PBXFileReference; lastKnownFileType = text.plist.xml; path = Info.plist; sourceTree = "<group>"; };
		602501921F32DF6D009F664A /* YachtTimer - Watch Extension.appex */ = {isa = PBXFileReference; explicitFileType = "wrapper.app-extension"; includeInIndex = 0; path = "YachtTimer - Watch Extension.appex"; sourceTree = BUILT_PRODUCTS_DIR; };
		602501971F32DF6D009F664A /* TimerInterfaceController.swift */ = {isa = PBXFileReference; lastKnownFileType = sourcecode.swift; path = TimerInterfaceController.swift; sourceTree = "<group>"; };
		602501991F32DF6D009F664A /* ExtensionDelegate.swift */ = {isa = PBXFileReference; lastKnownFileType = sourcecode.swift; path = ExtensionDelegate.swift; sourceTree = "<group>"; };
		6025019B1F32DF6D009F664A /* Assets.xcassets */ = {isa = PBXFileReference; lastKnownFileType = folder.assetcatalog; path = Assets.xcassets; sourceTree = "<group>"; };
		6025019D1F32DF6D009F664A /* Info.plist */ = {isa = PBXFileReference; lastKnownFileType = text.plist.xml; path = Info.plist; sourceTree = "<group>"; };
		602501AC1F32DFC7009F664A /* WatchConnectivity.framework */ = {isa = PBXFileReference; lastKnownFileType = wrapper.framework; name = WatchConnectivity.framework; path = System/Library/Frameworks/WatchConnectivity.framework; sourceTree = SDKROOT; };
		602501AE1F32FC17009F664A /* StopwatchInterfaceController.swift */ = {isa = PBXFileReference; fileEncoding = 4; lastKnownFileType = sourcecode.swift; path = StopwatchInterfaceController.swift; sourceTree = "<group>"; };
		602501B01F340256009F664A /* Context.swift */ = {isa = PBXFileReference; fileEncoding = 4; lastKnownFileType = sourcecode.swift; path = Context.swift; sourceTree = "<group>"; };
		603217F51F282A3800E4E846 /* AVFoundation.framework */ = {isa = PBXFileReference; lastKnownFileType = wrapper.framework; name = AVFoundation.framework; path = System/Library/Frameworks/AVFoundation.framework; sourceTree = SDKROOT; };
		603217F71F282A6100E4E846 /* TextToSpeech.swift */ = {isa = PBXFileReference; fileEncoding = 4; lastKnownFileType = sourcecode.swift; name = TextToSpeech.swift; path = YachtTimer/TextToSpeech.swift; sourceTree = "<group>"; };
		603217F91F2864DF00E4E846 /* StopWatchTableViewCell.swift */ = {isa = PBXFileReference; fileEncoding = 4; lastKnownFileType = sourcecode.swift; path = StopWatchTableViewCell.swift; sourceTree = "<group>"; };
		6033802D1F54002200693B40 /* TimerManager.swift */ = {isa = PBXFileReference; fileEncoding = 4; lastKnownFileType = sourcecode.swift; path = TimerManager.swift; sourceTree = "<group>"; };
		603655F11F664C86002B03CB /* HelpImageSet.swift */ = {isa = PBXFileReference; fileEncoding = 4; lastKnownFileType = sourcecode.swift; path = HelpImageSet.swift; sourceTree = "<group>"; };
		603655F31F6756D8002B03CB /* BlurOverlayElement.swift */ = {isa = PBXFileReference; fileEncoding = 4; lastKnownFileType = sourcecode.swift; path = BlurOverlayElement.swift; sourceTree = "<group>"; };
		607498641F59496300414F81 /* LabelCollection.swift */ = {isa = PBXFileReference; fileEncoding = 4; lastKnownFileType = sourcecode.swift; path = LabelCollection.swift; sourceTree = "<group>"; };
		607498851F59684E00414F81 /* HealthKit.framework */ = {isa = PBXFileReference; lastKnownFileType = wrapper.framework; name = HealthKit.framework; path = System/Library/Frameworks/HealthKit.framework; sourceTree = SDKROOT; };
		607498871F59685D00414F81 /* YachtTimer - Watch Extension.entitlements */ = {isa = PBXFileReference; lastKnownFileType = text.plist.entitlements; path = "YachtTimer - Watch Extension.entitlements"; sourceTree = "<group>"; };
		607498881F59685D00414F81 /* HealthKit.framework */ = {isa = PBXFileReference; lastKnownFileType = wrapper.framework; name = HealthKit.framework; path = Platforms/WatchOS.platform/Developer/SDKs/WatchOS3.2.sdk/System/Library/Frameworks/HealthKit.framework; sourceTree = DEVELOPER_DIR; };
		6074988C1F5CE6BD00414F81 /* InterfaceColor.swift */ = {isa = PBXFileReference; fileEncoding = 4; lastKnownFileType = sourcecode.swift; path = InterfaceColor.swift; sourceTree = "<group>"; };
		6097A9371F725C1E00B0908C /* Extensions.swift */ = {isa = PBXFileReference; lastKnownFileType = sourcecode.swift; path = Extensions.swift; sourceTree = "<group>"; };
		6097A9391F725D1B00B0908C /* OverlayElement.swift */ = {isa = PBXFileReference; lastKnownFileType = sourcecode.swift; path = OverlayElement.swift; sourceTree = "<group>"; };
		609E7A721F42F514004B0139 /* LapTableRow.swift */ = {isa = PBXFileReference; fileEncoding = 4; lastKnownFileType = sourcecode.swift; path = LapTableRow.swift; sourceTree = "<group>"; };
		609E7A741F42F60F004B0139 /* StopwatchTime.swift */ = {isa = PBXFileReference; fileEncoding = 4; lastKnownFileType = sourcecode.swift; name = StopwatchTime.swift; path = "YachtTimer - Watch Extension/StopwatchTime.swift"; sourceTree = "<group>"; };
		609E7A761F4303C6004B0139 /* WatchStopwatchTimeDisplay.swift */ = {isa = PBXFileReference; fileEncoding = 4; lastKnownFileType = sourcecode.swift; path = WatchStopwatchTimeDisplay.swift; sourceTree = "<group>"; };
		609E7A781F430B2F004B0139 /* WatchLabelCollection.swift */ = {isa = PBXFileReference; fileEncoding = 4; lastKnownFileType = sourcecode.swift; path = WatchLabelCollection.swift; sourceTree = "<group>"; };
		609E7A821F4A4C83004B0139 /* PhoneLabelCollection.swift */ = {isa = PBXFileReference; fileEncoding = 4; lastKnownFileType = sourcecode.swift; path = PhoneLabelCollection.swift; sourceTree = "<group>"; };
		609E7A841F4A4F68004B0139 /* StopwatchTimeDisplay.swift */ = {isa = PBXFileReference; fileEncoding = 4; lastKnownFileType = sourcecode.swift; path = StopwatchTimeDisplay.swift; sourceTree = "<group>"; };
		60C85CD51F4C229A00DB7A33 /* WKInterfaceImageExtension.swift */ = {isa = PBXFileReference; fileEncoding = 4; lastKnownFileType = sourcecode.swift; path = WKInterfaceImageExtension.swift; sourceTree = "<group>"; };
/* End PBXFileReference section */

/* Begin PBXFrameworksBuildPhase section */
		601735521F17369300713DF1 /* Frameworks */ = {
			isa = PBXFrameworksBuildPhase;
			buildActionMask = 2147483647;
			files = (
				607498861F59684E00414F81 /* HealthKit.framework in Frameworks */,
				602501AD1F32DFC7009F664A /* WatchConnectivity.framework in Frameworks */,
				603217F61F282A3800E4E846 /* AVFoundation.framework in Frameworks */,
			);
			runOnlyForDeploymentPostprocessing = 0;
		};
		6025018F1F32DF6D009F664A /* Frameworks */ = {
			isa = PBXFrameworksBuildPhase;
			buildActionMask = 2147483647;
			files = (
				607498891F59685D00414F81 /* HealthKit.framework in Frameworks */,
			);
			runOnlyForDeploymentPostprocessing = 0;
		};
/* End PBXFrameworksBuildPhase section */

/* Begin PBXGroup section */
		600AE0561F4E697A00595E66 /* Model */ = {
			isa = PBXGroup;
			children = (
				609E7A781F430B2F004B0139 /* WatchLabelCollection.swift */,
				602501B01F340256009F664A /* Context.swift */,
			);
			name = Model;
			sourceTree = "<group>";
		};
		600AE0571F4E69B700595E66 /* Controller */ = {
			isa = PBXGroup;
			children = (
				602501971F32DF6D009F664A /* TimerInterfaceController.swift */,
				609E7A721F42F514004B0139 /* LapTableRow.swift */,
				602501991F32DF6D009F664A /* ExtensionDelegate.swift */,
				602501AE1F32FC17009F664A /* StopwatchInterfaceController.swift */,
				60C85CD51F4C229A00DB7A33 /* WKInterfaceImageExtension.swift */,
				609E7A761F4303C6004B0139 /* WatchStopwatchTimeDisplay.swift */,
				600AE0521F4CFF8E00595E66 /* WatchTimerTimeDisplay.swift */,
			);
			name = Controller;
			sourceTree = "<group>";
		};
		6017354C1F17369300713DF1 = {
			isa = PBXGroup;
			children = (
				60EB6E3A1F7E047200851E2A /* Unused */,
				602501A91F32DF8D009F664A /* Shared */,
				601735571F17369300713DF1 /* YachtTimer */,
				602501871F32DF6D009F664A /* YachtTimer - Watch */,
				602501961F32DF6D009F664A /* YachtTimer - Watch Extension */,
				601735561F17369300713DF1 /* Products */,
				603217F41F282A3800E4E846 /* Frameworks */,
			);
			sourceTree = "<group>";
		};
		601735561F17369300713DF1 /* Products */ = {
			isa = PBXGroup;
			children = (
				601735551F17369300713DF1 /* YachtTimer.app */,
				602501861F32DF6D009F664A /* YachtTimer - Watch.app */,
				602501921F32DF6D009F664A /* YachtTimer - Watch Extension.appex */,
			);
			name = Products;
			sourceTree = "<group>";
		};
		601735571F17369300713DF1 /* YachtTimer */ = {
			isa = PBXGroup;
			children = (
				6017356D1F17370F00713DF1 /* YachtTimer.entitlements */,
				601735581F17369300713DF1 /* AppDelegate.swift */,
				6017355A1F17369300713DF1 /* ViewController.swift */,
				6017355C1F17369300713DF1 /* Main.storyboard */,
				603217F91F2864DF00E4E846 /* StopWatchTableViewCell.swift */,
				6017356E1F17535300713DF1 /* StopwatchViewController.swift */,
				60027F891F184BA800D82418 /* testing.playground */,
				601735621F17369300713DF1 /* Assets.xcassets */,
				601735641F17369300713DF1 /* LaunchScreen.storyboard */,
				601735671F17369300713DF1 /* Info.plist */,
				6017355F1F17369300713DF1 /* YachtTimer.xcdatamodeld */,
				609E7A821F4A4C83004B0139 /* PhoneLabelCollection.swift */,
				609E7A841F4A4F68004B0139 /* StopwatchTimeDisplay.swift */,
				600631891F660B9F00BB1087 /* PhoneScreen.swift */,
				6097A9371F725C1E00B0908C /* Extensions.swift */,
			);
			path = YachtTimer;
			sourceTree = "<group>";
		};
		602501871F32DF6D009F664A /* YachtTimer - Watch */ = {
			isa = PBXGroup;
			children = (
				602501881F32DF6D009F664A /* Interface.storyboard */,
				6025018B1F32DF6D009F664A /* Assets.xcassets */,
				6025018D1F32DF6D009F664A /* Info.plist */,
			);
			path = "YachtTimer - Watch";
			sourceTree = "<group>";
		};
		602501961F32DF6D009F664A /* YachtTimer - Watch Extension */ = {
			isa = PBXGroup;
			children = (
				607498871F59685D00414F81 /* YachtTimer - Watch Extension.entitlements */,
				600AE0571F4E69B700595E66 /* Controller */,
				600AE0561F4E697A00595E66 /* Model */,
				6025019B1F32DF6D009F664A /* Assets.xcassets */,
				6025019D1F32DF6D009F664A /* Info.plist */,
			);
			path = "YachtTimer - Watch Extension";
			sourceTree = "<group>";
		};
		602501A91F32DF8D009F664A /* Shared */ = {
			isa = PBXGroup;
			children = (
				603217F71F282A6100E4E846 /* TextToSpeech.swift */,
				60027F871F17685D00D82418 /* LapTime.swift */,
				609E7A741F42F60F004B0139 /* StopwatchTime.swift */,
				600AE0541F4D012800595E66 /* TimerTime.swift */,
				6033802D1F54002200693B40 /* TimerManager.swift */,
				601D0EF11F540F4F00F418BF /* StopwatchManager.swift */,
				607498641F59496300414F81 /* LabelCollection.swift */,
				6074988C1F5CE6BD00414F81 /* InterfaceColor.swift */,
			);
			name = Shared;
			sourceTree = "<group>";
		};
		603217F41F282A3800E4E846 /* Frameworks */ = {
			isa = PBXGroup;
			children = (
				607498881F59685D00414F81 /* HealthKit.framework */,
				607498851F59684E00414F81 /* HealthKit.framework */,
				602501AC1F32DFC7009F664A /* WatchConnectivity.framework */,
				603217F51F282A3800E4E846 /* AVFoundation.framework */,
			);
			name = Frameworks;
			sourceTree = "<group>";
		};
		60EB6E3A1F7E047200851E2A /* Unused */ = {
			isa = PBXGroup;
			children = (
				603655F11F664C86002B03CB /* HelpImageSet.swift */,
				600631871F62773700BB1087 /* HelpOverlayProtocol.swift */,
				603655F31F6756D8002B03CB /* BlurOverlayElement.swift */,
				6097A9391F725D1B00B0908C /* OverlayElement.swift */,
			);
			path = Unused;
			sourceTree = "<group>";
		};
/* End PBXGroup section */

/* Begin PBXNativeTarget section */
		601735541F17369300713DF1 /* YachtTimer */ = {
			isa = PBXNativeTarget;
			buildConfigurationList = 6017356A1F17369300713DF1 /* Build configuration list for PBXNativeTarget "YachtTimer" */;
			buildPhases = (
				601735511F17369300713DF1 /* Sources */,
				601735521F17369300713DF1 /* Frameworks */,
				601735531F17369300713DF1 /* Resources */,
				602501A81F32DF6E009F664A /* Embed Watch Content */,
			);
			buildRules = (
			);
			dependencies = (
				6025019F1F32DF6E009F664A /* PBXTargetDependency */,
			);
			name = YachtTimer;
			productName = YachtTimer;
			productReference = 601735551F17369300713DF1 /* YachtTimer.app */;
			productType = "com.apple.product-type.application";
		};
		602501851F32DF6D009F664A /* YachtTimer - Watch */ = {
			isa = PBXNativeTarget;
			buildConfigurationList = 602501A71F32DF6E009F664A /* Build configuration list for PBXNativeTarget "YachtTimer - Watch" */;
			buildPhases = (
				602501841F32DF6D009F664A /* Resources */,
				602501A61F32DF6E009F664A /* Embed App Extensions */,
			);
			buildRules = (
			);
			dependencies = (
				602501951F32DF6D009F664A /* PBXTargetDependency */,
			);
			name = "YachtTimer - Watch";
			productName = "YachtTimer - Watch";
			productReference = 602501861F32DF6D009F664A /* YachtTimer - Watch.app */;
			productType = "com.apple.product-type.application.watchapp2";
		};
		602501911F32DF6D009F664A /* YachtTimer - Watch Extension */ = {
			isa = PBXNativeTarget;
			buildConfigurationList = 602501A51F32DF6E009F664A /* Build configuration list for PBXNativeTarget "YachtTimer - Watch Extension" */;
			buildPhases = (
				6025018E1F32DF6D009F664A /* Sources */,
				6025018F1F32DF6D009F664A /* Frameworks */,
				602501901F32DF6D009F664A /* Resources */,
			);
			buildRules = (
			);
			dependencies = (
			);
			name = "YachtTimer - Watch Extension";
			productName = "YachtTimer - Watch Extension";
			productReference = 602501921F32DF6D009F664A /* YachtTimer - Watch Extension.appex */;
			productType = "com.apple.product-type.watchkit2-extension";
		};
/* End PBXNativeTarget section */

/* Begin PBXProject section */
		6017354D1F17369300713DF1 /* Project object */ = {
			isa = PBXProject;
			attributes = {
				LastSwiftUpdateCheck = 0830;
				LastUpgradeCheck = 1140;
				ORGANIZATIONNAME = "Szamódy Zs. Balázs";
				TargetAttributes = {
					601735541F17369300713DF1 = {
						CreatedOnToolsVersion = 8.3.3;
						DevelopmentTeam = VWUE9JZKY9;
						LastSwiftMigration = 1140;
						ProvisioningStyle = Automatic;
						SystemCapabilities = {
							com.apple.BackgroundModes = {
								enabled = 0;
							};
							com.apple.HealthKit = {
								enabled = 1;
							};
							com.apple.Push = {
								enabled = 0;
							};
						};
					};
					602501851F32DF6D009F664A = {
						CreatedOnToolsVersion = 8.3.3;
						DevelopmentTeam = VWUE9JZKY9;
						ProvisioningStyle = Automatic;
					};
					602501911F32DF6D009F664A = {
						CreatedOnToolsVersion = 8.3.3;
						DevelopmentTeam = VWUE9JZKY9;
						LastSwiftMigration = 1140;
						ProvisioningStyle = Automatic;
						SystemCapabilities = {
							com.apple.BackgroundModes.watchos.extension = {
								enabled = 1;
							};
							com.apple.HealthKit.watchos = {
								enabled = 1;
							};
						};
					};
				};
			};
			buildConfigurationList = 601735501F17369300713DF1 /* Build configuration list for PBXProject "YachtTimer" */;
			compatibilityVersion = "Xcode 3.2";
			developmentRegion = en;
			hasScannedForEncodings = 0;
			knownRegions = (
				en,
				Base,
			);
			mainGroup = 6017354C1F17369300713DF1;
			productRefGroup = 601735561F17369300713DF1 /* Products */;
			projectDirPath = "";
			projectRoot = "";
			targets = (
				601735541F17369300713DF1 /* YachtTimer */,
				602501851F32DF6D009F664A /* YachtTimer - Watch */,
				602501911F32DF6D009F664A /* YachtTimer - Watch Extension */,
			);
		};
/* End PBXProject section */

/* Begin PBXResourcesBuildPhase section */
		601735531F17369300713DF1 /* Resources */ = {
			isa = PBXResourcesBuildPhase;
			buildActionMask = 2147483647;
			files = (
				601735661F17369300713DF1 /* LaunchScreen.storyboard in Resources */,
				601735631F17369300713DF1 /* Assets.xcassets in Resources */,
				6017355E1F17369300713DF1 /* Main.storyboard in Resources */,
			);
			runOnlyForDeploymentPostprocessing = 0;
		};
		602501841F32DF6D009F664A /* Resources */ = {
			isa = PBXResourcesBuildPhase;
			buildActionMask = 2147483647;
			files = (
				6025018C1F32DF6D009F664A /* Assets.xcassets in Resources */,
				6025018A1F32DF6D009F664A /* Interface.storyboard in Resources */,
			);
			runOnlyForDeploymentPostprocessing = 0;
		};
		602501901F32DF6D009F664A /* Resources */ = {
			isa = PBXResourcesBuildPhase;
			buildActionMask = 2147483647;
			files = (
				6025019C1F32DF6D009F664A /* Assets.xcassets in Resources */,
			);
			runOnlyForDeploymentPostprocessing = 0;
		};
/* End PBXResourcesBuildPhase section */

/* Begin PBXSourcesBuildPhase section */
		601735511F17369300713DF1 /* Sources */ = {
			isa = PBXSourcesBuildPhase;
			buildActionMask = 2147483647;
			files = (
				6074988D1F5CE6BD00414F81 /* InterfaceColor.swift in Sources */,
				6017356F1F17535300713DF1 /* StopwatchViewController.swift in Sources */,
				603217F81F282A6100E4E846 /* TextToSpeech.swift in Sources */,
				607498651F59496300414F81 /* LabelCollection.swift in Sources */,
				601D0EF21F540F4F00F418BF /* StopwatchManager.swift in Sources */,
				609E7A851F4A4F68004B0139 /* StopwatchTimeDisplay.swift in Sources */,
				609E7A7A1F490F21004B0139 /* StopwatchTime.swift in Sources */,
				6033802E1F54002300693B40 /* TimerManager.swift in Sources */,
				601735611F17369300713DF1 /* YachtTimer.xcdatamodeld in Sources */,
				60027F881F17685D00D82418 /* LapTime.swift in Sources */,
				609E7A831F4A4C83004B0139 /* PhoneLabelCollection.swift in Sources */,
				6017355B1F17369300713DF1 /* ViewController.swift in Sources */,
				603217FA1F2864DF00E4E846 /* StopWatchTableViewCell.swift in Sources */,
				6006318A1F660B9F00BB1087 /* PhoneScreen.swift in Sources */,
				6097A9381F725C1E00B0908C /* Extensions.swift in Sources */,
				60F161B61F5FAE13004DD5BB /* TimerTime.swift in Sources */,
				601735591F17369300713DF1 /* AppDelegate.swift in Sources */,
			);
			runOnlyForDeploymentPostprocessing = 0;
		};
		6025018E1F32DF6D009F664A /* Sources */ = {
			isa = PBXSourcesBuildPhase;
			buildActionMask = 2147483647;
			files = (
				602501AB1F32DFB7009F664A /* LapTime.swift in Sources */,
				60C85CD61F4C229B00DB7A33 /* WKInterfaceImageExtension.swift in Sources */,
				6025019A1F32DF6D009F664A /* ExtensionDelegate.swift in Sources */,
				600AE0551F4D012800595E66 /* TimerTime.swift in Sources */,
				609E7A751F42F60F004B0139 /* StopwatchTime.swift in Sources */,
				6033802F1F54002300693B40 /* TimerManager.swift in Sources */,
				602501AF1F32FC17009F664A /* StopwatchInterfaceController.swift in Sources */,
				602501AA1F32DFB3009F664A /* TextToSpeech.swift in Sources */,
				607498661F59498500414F81 /* LabelCollection.swift in Sources */,
				601D0EF31F540F4F00F418BF /* StopwatchManager.swift in Sources */,
				609E7A731F42F514004B0139 /* LapTableRow.swift in Sources */,
				609E7A771F4303C6004B0139 /* WatchStopwatchTimeDisplay.swift in Sources */,
				600AE0531F4CFF8E00595E66 /* WatchTimerTimeDisplay.swift in Sources */,
				602501B11F340256009F664A /* Context.swift in Sources */,
				609E7A791F430B2F004B0139 /* WatchLabelCollection.swift in Sources */,
				602501981F32DF6D009F664A /* TimerInterfaceController.swift in Sources */,
				6074988E1F5CE6BE00414F81 /* InterfaceColor.swift in Sources */,
			);
			runOnlyForDeploymentPostprocessing = 0;
		};
/* End PBXSourcesBuildPhase section */

/* Begin PBXTargetDependency section */
		602501951F32DF6D009F664A /* PBXTargetDependency */ = {
			isa = PBXTargetDependency;
			target = 602501911F32DF6D009F664A /* YachtTimer - Watch Extension */;
			targetProxy = 602501941F32DF6D009F664A /* PBXContainerItemProxy */;
		};
		6025019F1F32DF6E009F664A /* PBXTargetDependency */ = {
			isa = PBXTargetDependency;
			target = 602501851F32DF6D009F664A /* YachtTimer - Watch */;
			targetProxy = 6025019E1F32DF6E009F664A /* PBXContainerItemProxy */;
		};
/* End PBXTargetDependency section */

/* Begin PBXVariantGroup section */
		6017355C1F17369300713DF1 /* Main.storyboard */ = {
			isa = PBXVariantGroup;
			children = (
				6017355D1F17369300713DF1 /* Base */,
			);
			name = Main.storyboard;
			sourceTree = "<group>";
		};
		601735641F17369300713DF1 /* LaunchScreen.storyboard */ = {
			isa = PBXVariantGroup;
			children = (
				601735651F17369300713DF1 /* Base */,
			);
			name = LaunchScreen.storyboard;
			sourceTree = "<group>";
		};
		602501881F32DF6D009F664A /* Interface.storyboard */ = {
			isa = PBXVariantGroup;
			children = (
				602501891F32DF6D009F664A /* Base */,
			);
			name = Interface.storyboard;
			sourceTree = "<group>";
		};
/* End PBXVariantGroup section */

/* Begin XCBuildConfiguration section */
		601735681F17369300713DF1 /* Debug */ = {
			isa = XCBuildConfiguration;
			buildSettings = {
				ALWAYS_SEARCH_USER_PATHS = NO;
				CLANG_ANALYZER_NONNULL = YES;
				CLANG_ANALYZER_NUMBER_OBJECT_CONVERSION = YES_AGGRESSIVE;
				CLANG_CXX_LANGUAGE_STANDARD = "gnu++0x";
				CLANG_CXX_LIBRARY = "libc++";
				CLANG_ENABLE_MODULES = YES;
				CLANG_ENABLE_OBJC_ARC = YES;
				CLANG_WARN_BLOCK_CAPTURE_AUTORELEASING = YES;
				CLANG_WARN_BOOL_CONVERSION = YES;
				CLANG_WARN_COMMA = YES;
				CLANG_WARN_CONSTANT_CONVERSION = YES;
				CLANG_WARN_DEPRECATED_OBJC_IMPLEMENTATIONS = YES;
				CLANG_WARN_DIRECT_OBJC_ISA_USAGE = YES_ERROR;
				CLANG_WARN_DOCUMENTATION_COMMENTS = YES;
				CLANG_WARN_EMPTY_BODY = YES;
				CLANG_WARN_ENUM_CONVERSION = YES;
				CLANG_WARN_INFINITE_RECURSION = YES;
				CLANG_WARN_INT_CONVERSION = YES;
				CLANG_WARN_NON_LITERAL_NULL_CONVERSION = YES;
				CLANG_WARN_OBJC_IMPLICIT_RETAIN_SELF = YES;
				CLANG_WARN_OBJC_LITERAL_CONVERSION = YES;
				CLANG_WARN_OBJC_ROOT_CLASS = YES_ERROR;
				CLANG_WARN_RANGE_LOOP_ANALYSIS = YES;
				CLANG_WARN_STRICT_PROTOTYPES = YES;
				CLANG_WARN_SUSPICIOUS_MOVE = YES;
				CLANG_WARN_UNREACHABLE_CODE = YES;
				CLANG_WARN__DUPLICATE_METHOD_MATCH = YES;
				"CODE_SIGN_IDENTITY[sdk=iphoneos*]" = "iPhone Developer";
				COPY_PHASE_STRIP = NO;
				DEBUG_INFORMATION_FORMAT = dwarf;
				ENABLE_STRICT_OBJC_MSGSEND = YES;
				ENABLE_TESTABILITY = YES;
				GCC_C_LANGUAGE_STANDARD = gnu99;
				GCC_DYNAMIC_NO_PIC = NO;
				GCC_NO_COMMON_BLOCKS = YES;
				GCC_OPTIMIZATION_LEVEL = 0;
				GCC_PREPROCESSOR_DEFINITIONS = (
					"DEBUG=1",
					"$(inherited)",
				);
				GCC_WARN_64_TO_32_BIT_CONVERSION = YES;
				GCC_WARN_ABOUT_RETURN_TYPE = YES_ERROR;
				GCC_WARN_UNDECLARED_SELECTOR = YES;
				GCC_WARN_UNINITIALIZED_AUTOS = YES_AGGRESSIVE;
				GCC_WARN_UNUSED_FUNCTION = YES;
				GCC_WARN_UNUSED_VARIABLE = YES;
				IPHONEOS_DEPLOYMENT_TARGET = 10.3;
				MTL_ENABLE_DEBUG_INFO = YES;
				ONLY_ACTIVE_ARCH = YES;
				SDKROOT = iphoneos;
				SWIFT_ACTIVE_COMPILATION_CONDITIONS = DEBUG;
				SWIFT_OPTIMIZATION_LEVEL = "-Onone";
			};
			name = Debug;
		};
		601735691F17369300713DF1 /* Release */ = {
			isa = XCBuildConfiguration;
			buildSettings = {
				ALWAYS_SEARCH_USER_PATHS = NO;
				CLANG_ANALYZER_NONNULL = YES;
				CLANG_ANALYZER_NUMBER_OBJECT_CONVERSION = YES_AGGRESSIVE;
				CLANG_CXX_LANGUAGE_STANDARD = "gnu++0x";
				CLANG_CXX_LIBRARY = "libc++";
				CLANG_ENABLE_MODULES = YES;
				CLANG_ENABLE_OBJC_ARC = YES;
				CLANG_WARN_BLOCK_CAPTURE_AUTORELEASING = YES;
				CLANG_WARN_BOOL_CONVERSION = YES;
				CLANG_WARN_COMMA = YES;
				CLANG_WARN_CONSTANT_CONVERSION = YES;
				CLANG_WARN_DEPRECATED_OBJC_IMPLEMENTATIONS = YES;
				CLANG_WARN_DIRECT_OBJC_ISA_USAGE = YES_ERROR;
				CLANG_WARN_DOCUMENTATION_COMMENTS = YES;
				CLANG_WARN_EMPTY_BODY = YES;
				CLANG_WARN_ENUM_CONVERSION = YES;
				CLANG_WARN_INFINITE_RECURSION = YES;
				CLANG_WARN_INT_CONVERSION = YES;
				CLANG_WARN_NON_LITERAL_NULL_CONVERSION = YES;
				CLANG_WARN_OBJC_IMPLICIT_RETAIN_SELF = YES;
				CLANG_WARN_OBJC_LITERAL_CONVERSION = YES;
				CLANG_WARN_OBJC_ROOT_CLASS = YES_ERROR;
				CLANG_WARN_RANGE_LOOP_ANALYSIS = YES;
				CLANG_WARN_STRICT_PROTOTYPES = YES;
				CLANG_WARN_SUSPICIOUS_MOVE = YES;
				CLANG_WARN_UNREACHABLE_CODE = YES;
				CLANG_WARN__DUPLICATE_METHOD_MATCH = YES;
				"CODE_SIGN_IDENTITY[sdk=iphoneos*]" = "iPhone Developer";
				COPY_PHASE_STRIP = NO;
				DEBUG_INFORMATION_FORMAT = "dwarf-with-dsym";
				ENABLE_NS_ASSERTIONS = NO;
				ENABLE_STRICT_OBJC_MSGSEND = YES;
				GCC_C_LANGUAGE_STANDARD = gnu99;
				GCC_NO_COMMON_BLOCKS = YES;
				GCC_WARN_64_TO_32_BIT_CONVERSION = YES;
				GCC_WARN_ABOUT_RETURN_TYPE = YES_ERROR;
				GCC_WARN_UNDECLARED_SELECTOR = YES;
				GCC_WARN_UNINITIALIZED_AUTOS = YES_AGGRESSIVE;
				GCC_WARN_UNUSED_FUNCTION = YES;
				GCC_WARN_UNUSED_VARIABLE = YES;
				IPHONEOS_DEPLOYMENT_TARGET = 10.3;
				MTL_ENABLE_DEBUG_INFO = NO;
				SDKROOT = iphoneos;
				SWIFT_OPTIMIZATION_LEVEL = "-Owholemodule";
				VALIDATE_PRODUCT = YES;
			};
			name = Release;
		};
		6017356B1F17369300713DF1 /* Debug */ = {
			isa = XCBuildConfiguration;
			buildSettings = {
				ASSETCATALOG_COMPILER_APPICON_NAME = AppIcon;
				CODE_SIGN_ENTITLEMENTS = YachtTimer/YachtTimer.entitlements;
				CURRENT_PROJECT_VERSION = 1;
				DEVELOPMENT_TEAM = VWUE9JZKY9;
				INFOPLIST_FILE = YachtTimer/Info.plist;
				LD_RUNPATH_SEARCH_PATHS = "$(inherited) @executable_path/Frameworks";
				MARKETING_VERSION = 1.2.1;
				PRODUCT_BUNDLE_IDENTIFIER = com.Fr3qfly.YachtTimer;
				PRODUCT_NAME = "$(TARGET_NAME)";
				SWIFT_SWIFT3_OBJC_INFERENCE = Default;
				SWIFT_VERSION = 5.0;
				TARGETED_DEVICE_FAMILY = "1,2";
			};
			name = Debug;
		};
		6017356C1F17369300713DF1 /* Release */ = {
			isa = XCBuildConfiguration;
			buildSettings = {
				ASSETCATALOG_COMPILER_APPICON_NAME = AppIcon;
				CODE_SIGN_ENTITLEMENTS = YachtTimer/YachtTimer.entitlements;
				CURRENT_PROJECT_VERSION = 1;
				DEVELOPMENT_TEAM = VWUE9JZKY9;
				INFOPLIST_FILE = YachtTimer/Info.plist;
				LD_RUNPATH_SEARCH_PATHS = "$(inherited) @executable_path/Frameworks";
				MARKETING_VERSION = 1.2.1;
				PRODUCT_BUNDLE_IDENTIFIER = com.Fr3qfly.YachtTimer;
				PRODUCT_NAME = "$(TARGET_NAME)";
				SWIFT_SWIFT3_OBJC_INFERENCE = Default;
				SWIFT_VERSION = 5.0;
				TARGETED_DEVICE_FAMILY = "1,2";
			};
			name = Release;
		};
		602501A11F32DF6E009F664A /* Debug */ = {
			isa = XCBuildConfiguration;
			buildSettings = {
				ALWAYS_EMBED_SWIFT_STANDARD_LIBRARIES = YES;
				ASSETCATALOG_COMPILER_APPICON_NAME = AppIcon;
				CURRENT_PROJECT_VERSION = 1;
				DEVELOPMENT_TEAM = VWUE9JZKY9;
				IBSC_MODULE = "YachtTimer___Watch_Extension";
				INFOPLIST_FILE = "YachtTimer - Watch/Info.plist";
				MARKETING_VERSION = 1.2.1;
				PRODUCT_BUNDLE_IDENTIFIER = com.Fr3qfly.YachtTimer.watchkitapp;
				PRODUCT_NAME = "$(TARGET_NAME)";
				SDKROOT = watchos;
				SKIP_INSTALL = YES;
				SWIFT_VERSION = 3.0;
				TARGETED_DEVICE_FAMILY = 4;
				WATCHOS_DEPLOYMENT_TARGET = 3.2;
			};
			name = Debug;
		};
		602501A21F32DF6E009F664A /* Release */ = {
			isa = XCBuildConfiguration;
			buildSettings = {
				ALWAYS_EMBED_SWIFT_STANDARD_LIBRARIES = YES;
				ASSETCATALOG_COMPILER_APPICON_NAME = AppIcon;
				CURRENT_PROJECT_VERSION = 1;
				DEVELOPMENT_TEAM = VWUE9JZKY9;
				IBSC_MODULE = "YachtTimer___Watch_Extension";
				INFOPLIST_FILE = "YachtTimer - Watch/Info.plist";
				MARKETING_VERSION = 1.2.1;
				PRODUCT_BUNDLE_IDENTIFIER = com.Fr3qfly.YachtTimer.watchkitapp;
				PRODUCT_NAME = "$(TARGET_NAME)";
				SDKROOT = watchos;
				SKIP_INSTALL = YES;
				SWIFT_VERSION = 3.0;
				TARGETED_DEVICE_FAMILY = 4;
				WATCHOS_DEPLOYMENT_TARGET = 3.2;
			};
			name = Release;
		};
		602501A31F32DF6E009F664A /* Debug */ = {
			isa = XCBuildConfiguration;
			buildSettings = {
				ASSETCATALOG_COMPILER_COMPLICATION_NAME = Complication;
				CODE_SIGN_ENTITLEMENTS = "YachtTimer - Watch Extension/YachtTimer - Watch Extension.entitlements";
				DEVELOPMENT_TEAM = VWUE9JZKY9;
				INFOPLIST_FILE = "YachtTimer - Watch Extension/Info.plist";
				LD_RUNPATH_SEARCH_PATHS = "$(inherited) @executable_path/Frameworks @executable_path/../../Frameworks";
				PRODUCT_BUNDLE_IDENTIFIER = com.Fr3qfly.YachtTimer.watchkitapp.watchkitextension;
				PRODUCT_NAME = "${TARGET_NAME}";
				SDKROOT = watchos;
				SKIP_INSTALL = YES;
				SWIFT_SWIFT3_OBJC_INFERENCE = Default;
				SWIFT_VERSION = 5.0;
				TARGETED_DEVICE_FAMILY = 4;
				WATCHOS_DEPLOYMENT_TARGET = 3.2;
			};
			name = Debug;
		};
		602501A41F32DF6E009F664A /* Release */ = {
			isa = XCBuildConfiguration;
			buildSettings = {
				ASSETCATALOG_COMPILER_COMPLICATION_NAME = Complication;
				CODE_SIGN_ENTITLEMENTS = "YachtTimer - Watch Extension/YachtTimer - Watch Extension.entitlements";
				DEVELOPMENT_TEAM = VWUE9JZKY9;
				INFOPLIST_FILE = "YachtTimer - Watch Extension/Info.plist";
				LD_RUNPATH_SEARCH_PATHS = "$(inherited) @executable_path/Frameworks @executable_path/../../Frameworks";
				PRODUCT_BUNDLE_IDENTIFIER = com.Fr3qfly.YachtTimer.watchkitapp.watchkitextension;
				PRODUCT_NAME = "${TARGET_NAME}";
				SDKROOT = watchos;
				SKIP_INSTALL = YES;
				SWIFT_SWIFT3_OBJC_INFERENCE = Default;
				SWIFT_VERSION = 5.0;
				TARGETED_DEVICE_FAMILY = 4;
				WATCHOS_DEPLOYMENT_TARGET = 3.2;
			};
			name = Release;
		};
/* End XCBuildConfiguration section */

/* Begin XCConfigurationList section */
		601735501F17369300713DF1 /* Build configuration list for PBXProject "YachtTimer" */ = {
			isa = XCConfigurationList;
			buildConfigurations = (
				601735681F17369300713DF1 /* Debug */,
				601735691F17369300713DF1 /* Release */,
			);
			defaultConfigurationIsVisible = 0;
			defaultConfigurationName = Release;
		};
		6017356A1F17369300713DF1 /* Build configuration list for PBXNativeTarget "YachtTimer" */ = {
			isa = XCConfigurationList;
			buildConfigurations = (
				6017356B1F17369300713DF1 /* Debug */,
				6017356C1F17369300713DF1 /* Release */,
			);
			defaultConfigurationIsVisible = 0;
			defaultConfigurationName = Release;
		};
		602501A51F32DF6E009F664A /* Build configuration list for PBXNativeTarget "YachtTimer - Watch Extension" */ = {
			isa = XCConfigurationList;
			buildConfigurations = (
				602501A31F32DF6E009F664A /* Debug */,
				602501A41F32DF6E009F664A /* Release */,
			);
			defaultConfigurationIsVisible = 0;
			defaultConfigurationName = Release;
		};
		602501A71F32DF6E009F664A /* Build configuration list for PBXNativeTarget "YachtTimer - Watch" */ = {
			isa = XCConfigurationList;
			buildConfigurations = (
				602501A11F32DF6E009F664A /* Debug */,
				602501A21F32DF6E009F664A /* Release */,
			);
			defaultConfigurationIsVisible = 0;
			defaultConfigurationName = Release;
		};
/* End XCConfigurationList section */

/* Begin XCVersionGroup section */
		6017355F1F17369300713DF1 /* YachtTimer.xcdatamodeld */ = {
			isa = XCVersionGroup;
			children = (
				601735601F17369300713DF1 /* YachtTimer.xcdatamodel */,
			);
			currentVersion = 601735601F17369300713DF1 /* YachtTimer.xcdatamodel */;
			path = YachtTimer.xcdatamodeld;
			sourceTree = "<group>";
			versionGroupType = wrapper.xcdatamodel;
		};
/* End XCVersionGroup section */
	};
	rootObject = 6017354D1F17369300713DF1 /* Project object */;
}
